<Solution>
  <Project Path="Event.Tests/Event.Tests.csproj" Id="603ab8a9-41d4-45fb-8b9c-ae659bab3bed" />
  <Project Path="Event/Event.csproj" Id="b2178a91-ef7e-454a-9114-4b8c7621a468" />
  <Project Path="FirstAidAPI/FirstAidAPI.csproj" />
  <Project Path="Staff.Tests/Staff.Tests.csproj" Id="a93083c5-6a2e-4dc1-92e6-46d7c952164a" />
  <Project Path="Staff/Staff.csproj" />
  <Project Path="StaffEvents/StaffEvents.csproj" Id="4ba9cfaa-cb65-4f27-9e66-f75d8625e7ce" />
</Solution>
